<?xml version="1.0" encoding="utf-8"?>
<Project ToolsVersion="4.0" xmlns="http://schemas.microsoft.com/developer/msbuild/2003">
  <ItemGroup>
    <Filter Include="Исходные файлы">
      <UniqueIdentifier>{4FC737F1-C7A5-4376-A066-2A32D752A2FF}</UniqueIdentifier>
      <Extensions>cpp;c;cc;cxx;c++;cppm;ixx;def;odl;idl;hpj;bat;asm;asmx</Extensions>
    </Filter>
    <Filter Include="Файлы заголовков">
      <UniqueIdentifier>{93995380-89BD-4b04-88EB-625FBE52EBFB}</UniqueIdentifier>
      <Extensions>h;hh;hpp;hxx;h++;hm;inl;inc;ipp;xsd</Extensions>
    </Filter>
    <Filter Include="Файлы ресурсов">
      <UniqueIdentifier>{67DA6AB6-F800-4c08-8B7A-83BB121AAD01}</UniqueIdentifier>
      <Extensions>rc;ico;cur;bmp;dlg;rc2;rct;bin;rgs;gif;jpg;jpeg;jpe;resx;tiff;tif;png;wav;mfcribbon-ms</Extensions>
    </Filter>
  </ItemGroup>
  <ItemGroup>
    <ClCompile Include="info.cpp">
      <Filter>Исходные файлы</Filter>
    </ClCompile>
    <ClCompile Include="login.cpp">
      <Filter>Исходные файлы</Filter>
    </ClCompile>
    <ClCompile Include="password.cpp">
      <Filter>Исходные файлы</Filter>
    </ClCompile>
    <ClCompile Include="change_pass.cpp">
      <Filter>Исходные файлы</Filter>
    </ClCompile>
    <ClCompile Include="database.cpp">
      <Filter>Исходные файлы</Filter>
    </ClCompile>
    <ClCompile Include="addclient.cpp">
      <Filter>Исходные файлы</Filter>
    </ClCompile>
    <ClCompile Include="addsupplier.cpp">
      <Filter>Исходные файлы</Filter>
    </ClCompile>
    <ClCompile Include="addproduct.cpp">
      <Filter>Исходные файлы</Filter>
    </ClCompile>
    <ClCompile Include="addservice.cpp">
      <Filter>Исходные файлы</Filter>
    </ClCompile>
    <ClCompile Include="addorder.cpp">
      <Filter>Исходные файлы</Filter>
    </ClCompile>
    <ClCompile Include="editclient.cpp">
      <Filter>Исходные файлы</Filter>
    </ClCompile>
    <ClCompile Include="editsupplier.cpp">
      <Filter>Исходные файлы</Filter>
    </ClCompile>
    <ClCompile Include="editproduct.cpp">
      <Filter>Исходные файлы</Filter>
    </ClCompile>
    <ClCompile Include="editservice.cpp">
      <Filter>Исходные файлы</Filter>
    </ClCompile>
    <ClCompile Include="editorder.cpp">
      <Filter>Исходные файлы</Filter>
    </ClCompile>
    <ClCompile Include="searchclient.cpp">
      <Filter>Исходные файлы</Filter>
    </ClCompile>
    <ClCompile Include="searchsupplier.cpp">
      <Filter>Исходные файлы</Filter>
    </ClCompile>
    <ClCompile Include="searchservice.cpp">
      <Filter>Исходные файлы</Filter>
    </ClCompile>
    <ClCompile Include="searchproduct.cpp">
      <Filter>Исходные файлы</Filter>
    </ClCompile>
  </ItemGroup>
  <ItemGroup>
    <ClInclude Include="login.h">
      <Filter>Файлы заголовков</Filter>
    </ClInclude>
    <ClInclude Include="info.h">
      <Filter>Файлы заголовков</Filter>
    </ClInclude>
    <ClInclude Include="password.h">
      <Filter>Файлы заголовков</Filter>
    </ClInclude>
    <ClInclude Include="change_pass.h">
      <Filter>Файлы заголовков</Filter>
    </ClInclude>
    <ClInclude Include="database.h">
      <Filter>Файлы заголовков</Filter>
    </ClInclude>
    <ClInclude Include="addclient.h">
      <Filter>Файлы заголовков</Filter>
    </ClInclude>
    <ClInclude Include="addsupplier.h">
      <Filter>Файлы заголовков</Filter>
    </ClInclude>
    <ClInclude Include="addproduct.h">
      <Filter>Файлы заголовков</Filter>
    </ClInclude>
    <ClInclude Include="addservice.h">
      <Filter>Файлы заголовков</Filter>
    </ClInclude>
    <ClInclude Include="addorder.h">
      <Filter>Файлы заголовков</Filter>
    </ClInclude>
    <ClInclude Include="editclient.h">
      <Filter>Файлы заголовков</Filter>
    </ClInclude>
    <ClInclude Include="editsupplier.h">
      <Filter>Файлы заголовков</Filter>
    </ClInclude>
    <ClInclude Include="editproduct.h">
      <Filter>Файлы заголовков</Filter>
    </ClInclude>
    <ClInclude Include="editservice.h">
      <Filter>Файлы заголовков</Filter>
    </ClInclude>
    <ClInclude Include="editorder.h">
      <Filter>Файлы заголовков</Filter>
    </ClInclude>
    <ClInclude Include="searchclient.h">
      <Filter>Файлы заголовков</Filter>
    </ClInclude>
    <ClInclude Include="searchsupplier.h">
      <Filter>Файлы заголовков</Filter>
    </ClInclude>
    <ClInclude Include="searchservice.h">
      <Filter>Файлы заголовков</Filter>
    </ClInclude>
    <ClInclude Include="searchproduct.h">
      <Filter>Файлы заголовков</Filter>
    </ClInclude>
  </ItemGroup>
</Project>